
Microsoft Visual Studio Solution File, Format Version 12.00
# Visual Studio Version 16
VisualStudioVersion = 16.0.31624.102
MinimumVisualStudioVersion = 10.0.40219.1
Project("{FAE04EC0-301F-11D3-BF4B-00C04F79EFBC}") = "BankAccount", "BankAccount\BankAccount.csproj", "{7E0A5314-FEE5-40CA-B0C8-D5D3B9FBBBFA}"
EndProject
Global
	GlobalSection(SolutionConfigurationPlatforms) = preSolution
		Debug|Any CPU = Debug|Any CPU
		Release|Any CPU = Release|Any CPU
	EndGlobalSection
	GlobalSection(ProjectConfigurationPlatforms) = postSolution
		{7E0A5314-FEE5-40CA-B0C8-D5D3B9FBBBFA}.Debug|Any CPU.ActiveCfg = Debug|Any CPU
		{7E0A5314-FEE5-40CA-B0C8-D5D3B9FBBBFA}.Debug|Any CPU.Build.0 = Debug|Any CPU
		{7E0A5314-FEE5-40CA-B0C8-D5D3B9FBBBFA}.Release|Any CPU.ActiveCfg = Release|Any CPU
		{7E0A5314-FEE5-40CA-B0C8-D5D3B9FBBBFA}.Release|Any CPU.Build.0 = Release|Any CPU
	EndGlobalSection
	GlobalSection(SolutionProperties) = preSolution
		HideSolutionNode = FALSE
	EndGlobalSection
	GlobalSection(ExtensibilityGlobals) = postSolution
		SolutionGuid = {047CDDB9-632E-404B-8318-F2A584E3AA62}
	EndGlobalSection
EndGlobal
